
Microsoft Visual Studio Solution File, Format Version 12.00
# Visual Studio Version 17
VisualStudioVersion = 17.14.36623.8 d17.14
MinimumVisualStudioVersion = 10.0.40219.1
Project("{FAE04EC0-301F-11D3-BF4B-00C04F79EFBC}") = "ConsoleApp3", "ConsoleApp3\ConsoleApp3.csproj", "{9B33901A-B84A-47E9-98E7-4340E4C72A88}"
EndProject
Global
	GlobalSection(SolutionConfigurationPlatforms) = preSolution
		Debug|Any CPU = Debug|Any CPU
		Release|Any CPU = Release|Any CPU
	EndGlobalSection
	GlobalSection(ProjectConfigurationPlatforms) = postSolution
		{9B33901A-B84A-47E9-98E7-4340E4C72A88}.Debug|Any CPU.ActiveCfg = Debug|Any CPU
		{9B33901A-B84A-47E9-98E7-4340E4C72A88}.Debug|Any CPU.Build.0 = Debug|Any CPU
		{9B33901A-B84A-47E9-98E7-4340E4C72A88}.Release|Any CPU.ActiveCfg = Release|Any CPU
		{9B33901A-B84A-47E9-98E7-4340E4C72A88}.Release|Any CPU.Build.0 = Release|Any CPU
	EndGlobalSection
	GlobalSection(SolutionProperties) = preSolution
		HideSolutionNode = FALSE
	EndGlobalSection
	GlobalSection(ExtensibilityGlobals) = postSolution
		SolutionGuid = {0839F075-0235-451E-AE69-8C2CC4A67DF1}
	EndGlobalSection
EndGlobal
